
Microsoft Visual Studio Solution File, Format Version 12.00
# Visual Studio Version 16
VisualStudioVersion = 16.0.30002.166
MinimumVisualStudioVersion = 10.0.40219.1
Project("{FAE04EC0-301F-11D3-BF4B-00C04F79EFBC}") = "RestaurantApp", "RestaurantApp\RestaurantApp.csproj", "{ED3FE5B0-80EC-4024-888C-B8B3D5D2240A}"
EndProject
Global
	GlobalSection(SolutionConfigurationPlatforms) = preSolution
		Debug|Any CPU = Debug|Any CPU
		Release|Any CPU = Release|Any CPU
	EndGlobalSection
	GlobalSection(ProjectConfigurationPlatforms) = postSolution
		{ED3FE5B0-80EC-4024-888C-B8B3D5D2240A}.Debug|Any CPU.ActiveCfg = Debug|Any CPU
		{ED3FE5B0-80EC-4024-888C-B8B3D5D2240A}.Debug|Any CPU.Build.0 = Debug|Any CPU
		{ED3FE5B0-80EC-4024-888C-B8B3D5D2240A}.Release|Any CPU.ActiveCfg = Release|Any CPU
		{ED3FE5B0-80EC-4024-888C-B8B3D5D2240A}.Release|Any CPU.Build.0 = Release|Any CPU
	EndGlobalSection
	GlobalSection(SolutionProperties) = preSolution
		HideSolutionNode = FALSE
	EndGlobalSection
	GlobalSection(ExtensibilityGlobals) = postSolution
		SolutionGuid = {49DEB8E9-BA4B-4961-87C5-A7D9E4B3CD34}
	EndGlobalSection
EndGlobal
