
Microsoft Visual Studio Solution File, Format Version 12.00
# Visual Studio Version 16
VisualStudioVersion = 16.0.30204.135
MinimumVisualStudioVersion = 10.0.40219.1
Project("{9A19103F-16F7-4668-BE54-9A1E7A4F7556}") = "Shop", "Shop\Shop.csproj", "{0D7D31F8-60CB-4FC8-89AB-61D79B86ADFA}"
EndProject
Project("{9A19103F-16F7-4668-BE54-9A1E7A4F7556}") = "Shop.DataAccess", "Shop.DataAccess\Shop.DataAccess.csproj", "{DDBCB65C-44DD-439A-870B-7CE4A6057E34}"
EndProject
Project("{9A19103F-16F7-4668-BE54-9A1E7A4F7556}") = "Shop.DomainModels", "Shop.DomainModels\Shop.DomainModels.csproj", "{A3012061-2770-40AF-A6BB-311CD1D7731C}"
EndProject
Project("{9A19103F-16F7-4668-BE54-9A1E7A4F7556}") = "Shop.Services", "Shop.Services\Shop.Services.csproj", "{A751B3F9-B3A8-4641-8D0F-19C6CE7328A1}"
EndProject
Project("{FAE04EC0-301F-11D3-BF4B-00C04F79EFBC}") = "Shop.ViewModels", "Shop.ViewModels\Shop.ViewModels.csproj", "{364A8477-DB4D-4065-835F-2702F594CC46}"
EndProject
Global
	GlobalSection(SolutionConfigurationPlatforms) = preSolution
		Debug|Any CPU = Debug|Any CPU
		Release|Any CPU = Release|Any CPU
	EndGlobalSection
	GlobalSection(ProjectConfigurationPlatforms) = postSolution
		{0D7D31F8-60CB-4FC8-89AB-61D79B86ADFA}.Debug|Any CPU.ActiveCfg = Debug|Any CPU
		{0D7D31F8-60CB-4FC8-89AB-61D79B86ADFA}.Debug|Any CPU.Build.0 = Debug|Any CPU
		{0D7D31F8-60CB-4FC8-89AB-61D79B86ADFA}.Release|Any CPU.ActiveCfg = Release|Any CPU
		{0D7D31F8-60CB-4FC8-89AB-61D79B86ADFA}.Release|Any CPU.Build.0 = Release|Any CPU
		{DDBCB65C-44DD-439A-870B-7CE4A6057E34}.Debug|Any CPU.ActiveCfg = Debug|Any CPU
		{DDBCB65C-44DD-439A-870B-7CE4A6057E34}.Debug|Any CPU.Build.0 = Debug|Any CPU
		{DDBCB65C-44DD-439A-870B-7CE4A6057E34}.Release|Any CPU.ActiveCfg = Release|Any CPU
		{DDBCB65C-44DD-439A-870B-7CE4A6057E34}.Release|Any CPU.Build.0 = Release|Any CPU
		{A3012061-2770-40AF-A6BB-311CD1D7731C}.Debug|Any CPU.ActiveCfg = Debug|Any CPU
		{A3012061-2770-40AF-A6BB-311CD1D7731C}.Debug|Any CPU.Build.0 = Debug|Any CPU
		{A3012061-2770-40AF-A6BB-311CD1D7731C}.Release|Any CPU.ActiveCfg = Release|Any CPU
		{A3012061-2770-40AF-A6BB-311CD1D7731C}.Release|Any CPU.Build.0 = Release|Any CPU
		{A751B3F9-B3A8-4641-8D0F-19C6CE7328A1}.Debug|Any CPU.ActiveCfg = Debug|Any CPU
		{A751B3F9-B3A8-4641-8D0F-19C6CE7328A1}.Debug|Any CPU.Build.0 = Debug|Any CPU
		{A751B3F9-B3A8-4641-8D0F-19C6CE7328A1}.Release|Any CPU.ActiveCfg = Release|Any CPU
		{A751B3F9-B3A8-4641-8D0F-19C6CE7328A1}.Release|Any CPU.Build.0 = Release|Any CPU
		{364A8477-DB4D-4065-835F-2702F594CC46}.Debug|Any CPU.ActiveCfg = Debug|Any CPU
		{364A8477-DB4D-4065-835F-2702F594CC46}.Debug|Any CPU.Build.0 = Debug|Any CPU
		{364A8477-DB4D-4065-835F-2702F594CC46}.Release|Any CPU.ActiveCfg = Release|Any CPU
		{364A8477-DB4D-4065-835F-2702F594CC46}.Release|Any CPU.Build.0 = Release|Any CPU
	EndGlobalSection
	GlobalSection(SolutionProperties) = preSolution
		HideSolutionNode = FALSE
	EndGlobalSection
	GlobalSection(ExtensibilityGlobals) = postSolution
		SolutionGuid = {A50AF96C-182F-4D15-8811-3F5481B535DA}
	EndGlobalSection
EndGlobal
