
Microsoft Visual Studio Solution File, Format Version 12.00
# Visual Studio Version 16
VisualStudioVersion = 16.0.30002.166
MinimumVisualStudioVersion = 10.0.40219.1
Project("{9A19103F-16F7-4668-BE54-9A1E7A4F7556}") = "BOSSCompanyAPI", "BOSSCompanyAPI\BOSSCompanyAPI.csproj", "{1BB41B7D-3D11-45C1-AACA-7655E7C96F49}"
EndProject
Global
	GlobalSection(SolutionConfigurationPlatforms) = preSolution
		Debug|Any CPU = Debug|Any CPU
		Release|Any CPU = Release|Any CPU
	EndGlobalSection
	GlobalSection(ProjectConfigurationPlatforms) = postSolution
		{1BB41B7D-3D11-45C1-AACA-7655E7C96F49}.Debug|Any CPU.ActiveCfg = Debug|Any CPU
		{1BB41B7D-3D11-45C1-AACA-7655E7C96F49}.Debug|Any CPU.Build.0 = Debug|Any CPU
		{1BB41B7D-3D11-45C1-AACA-7655E7C96F49}.Release|Any CPU.ActiveCfg = Release|Any CPU
		{1BB41B7D-3D11-45C1-AACA-7655E7C96F49}.Release|Any CPU.Build.0 = Release|Any CPU
	EndGlobalSection
	GlobalSection(SolutionProperties) = preSolution
		HideSolutionNode = FALSE
	EndGlobalSection
	GlobalSection(ExtensibilityGlobals) = postSolution
		SolutionGuid = {165C4472-8A9E-4A0D-8D09-69DA321DDB40}
	EndGlobalSection
EndGlobal
